// !$*UTF8*$!
{
	archiveVersion = 1;
	classes = {
	};
	objectVersion = 48;
	objects = {

/* Begin PBXBuildFile section */
		76302CC92059316700CE0152 /* ImageLoader.swift in Sources */ = {isa = PBXBuildFile; fileRef = 76302CC82059316700CE0152 /* ImageLoader.swift */; };
		76657F0B205661F2004C0377 /* AppDelegate.swift in Sources */ = {isa = PBXBuildFile; fileRef = 76657F0A205661F2004C0377 /* AppDelegate.swift */; };
		76657F12205661F2004C0377 /* Assets.xcassets in Resources */ = {isa = PBXBuildFile; fileRef = 76657F11205661F2004C0377 /* Assets.xcassets */; };
		76657F15205661F2004C0377 /* LaunchScreen.storyboard in Resources */ = {isa = PBXBuildFile; fileRef = 76657F13205661F2004C0377 /* LaunchScreen.storyboard */; };
		76657F1E20566282004C0377 /* SRRecipesTableVC.swift in Sources */ = {isa = PBXBuildFile; fileRef = 76657F1C20566282004C0377 /* SRRecipesTableVC.swift */; };
		76657F1F20566282004C0377 /* SRRecipesTableVC.xib in Resources */ = {isa = PBXBuildFile; fileRef = 76657F1D20566282004C0377 /* SRRecipesTableVC.xib */; };
		76657F2520566E7E004C0377 /* SRRecipe.swift in Sources */ = {isa = PBXBuildFile; fileRef = 76657F2420566E7E004C0377 /* SRRecipe.swift */; };
		76657F2720567131004C0377 /* SRRecipeLoader.swift in Sources */ = {isa = PBXBuildFile; fileRef = 76657F2620567131004C0377 /* SRRecipeLoader.swift */; };
		76657F292056728E004C0377 /* SRLib.swift in Sources */ = {isa = PBXBuildFile; fileRef = 76657F282056728E004C0377 /* SRLib.swift */; };
		76657F2D20567CC0004C0377 /* SRRecipeCell.swift in Sources */ = {isa = PBXBuildFile; fileRef = 76657F2B20567CC0004C0377 /* SRRecipeCell.swift */; };
		76657F2E20567CC0004C0377 /* SRRecipeCell.xib in Resources */ = {isa = PBXBuildFile; fileRef = 76657F2C20567CC0004C0377 /* SRRecipeCell.xib */; };
		76657F32205697BA004C0377 /* UIView Nib.swift in Sources */ = {isa = PBXBuildFile; fileRef = 76657F31205697BA004C0377 /* UIView Nib.swift */; };
		76657F34205698F0004C0377 /* Reuse Identifiers.swift in Sources */ = {isa = PBXBuildFile; fileRef = 76657F33205698F0004C0377 /* Reuse Identifiers.swift */; };
		76657F362056A121004C0377 /* String Localized.swift in Sources */ = {isa = PBXBuildFile; fileRef = 76657F352056A121004C0377 /* String Localized.swift */; };
		76657F3B2056AF40004C0377 /* SRRecipeInfoVC.swift in Sources */ = {isa = PBXBuildFile; fileRef = 76657F392056AF40004C0377 /* SRRecipeInfoVC.swift */; };
		76657F3C2056AF40004C0377 /* SRRecipeInfoVC.xib in Resources */ = {isa = PBXBuildFile; fileRef = 76657F3A2056AF40004C0377 /* SRRecipeInfoVC.xib */; };
		AE16E7F0205A3D300077E9DA /* SRInsetsLabel.swift in Sources */ = {isa = PBXBuildFile; fileRef = AE16E7EF205A3D300077E9DA /* SRInsetsLabel.swift */; };
/* End PBXBuildFile section */

/* Begin PBXFileReference section */
		76302CC82059316700CE0152 /* ImageLoader.swift */ = {isa = PBXFileReference; lastKnownFileType = sourcecode.swift; path = ImageLoader.swift; sourceTree = "<group>"; };
		76657F07205661F2004C0377 /* Space Recipes.app */ = {isa = PBXFileReference; explicitFileType = wrapper.application; includeInIndex = 0; path = "Space Recipes.app"; sourceTree = BUILT_PRODUCTS_DIR; };
		76657F0A205661F2004C0377 /* AppDelegate.swift */ = {isa = PBXFileReference; lastKnownFileType = sourcecode.swift; path = AppDelegate.swift; sourceTree = "<group>"; };
		76657F11205661F2004C0377 /* Assets.xcassets */ = {isa = PBXFileReference; lastKnownFileType = folder.assetcatalog; path = Assets.xcassets; sourceTree = "<group>"; };
		76657F14205661F2004C0377 /* Base */ = {isa = PBXFileReference; lastKnownFileType = file.storyboard; name = Base; path = Base.lproj/LaunchScreen.storyboard; sourceTree = "<group>"; };
		76657F16205661F2004C0377 /* Info.plist */ = {isa = PBXFileReference; lastKnownFileType = text.plist.xml; path = Info.plist; sourceTree = "<group>"; };
		76657F1C20566282004C0377 /* SRRecipesTableVC.swift */ = {isa = PBXFileReference; lastKnownFileType = sourcecode.swift; path = SRRecipesTableVC.swift; sourceTree = "<group>"; };
		76657F1D20566282004C0377 /* SRRecipesTableVC.xib */ = {isa = PBXFileReference; lastKnownFileType = file.xib; path = SRRecipesTableVC.xib; sourceTree = "<group>"; };
		76657F2420566E7E004C0377 /* SRRecipe.swift */ = {isa = PBXFileReference; lastKnownFileType = sourcecode.swift; path = SRRecipe.swift; sourceTree = "<group>"; };
		76657F2620567131004C0377 /* SRRecipeLoader.swift */ = {isa = PBXFileReference; lastKnownFileType = sourcecode.swift; path = SRRecipeLoader.swift; sourceTree = "<group>"; };
		76657F282056728E004C0377 /* SRLib.swift */ = {isa = PBXFileReference; lastKnownFileType = sourcecode.swift; path = SRLib.swift; sourceTree = "<group>"; };
		76657F2B20567CC0004C0377 /* SRRecipeCell.swift */ = {isa = PBXFileReference; lastKnownFileType = sourcecode.swift; path = SRRecipeCell.swift; sourceTree = "<group>"; };
		76657F2C20567CC0004C0377 /* SRRecipeCell.xib */ = {isa = PBXFileReference; lastKnownFileType = file.xib; path = SRRecipeCell.xib; sourceTree = "<group>"; };
		76657F31205697BA004C0377 /* UIView Nib.swift */ = {isa = PBXFileReference; lastKnownFileType = sourcecode.swift; path = "UIView Nib.swift"; sourceTree = "<group>"; };
		76657F33205698F0004C0377 /* Reuse Identifiers.swift */ = {isa = PBXFileReference; lastKnownFileType = sourcecode.swift; path = "Reuse Identifiers.swift"; sourceTree = "<group>"; };
		76657F352056A121004C0377 /* String Localized.swift */ = {isa = PBXFileReference; lastKnownFileType = sourcecode.swift; path = "String Localized.swift"; sourceTree = "<group>"; };
		76657F392056AF40004C0377 /* SRRecipeInfoVC.swift */ = {isa = PBXFileReference; lastKnownFileType = sourcecode.swift; path = SRRecipeInfoVC.swift; sourceTree = "<group>"; };
		76657F3A2056AF40004C0377 /* SRRecipeInfoVC.xib */ = {isa = PBXFileReference; lastKnownFileType = file.xib; path = SRRecipeInfoVC.xib; sourceTree = "<group>"; };
		AE16E7EF205A3D300077E9DA /* SRInsetsLabel.swift */ = {isa = PBXFileReference; lastKnownFileType = sourcecode.swift; path = SRInsetsLabel.swift; sourceTree = "<group>"; };
/* End PBXFileReference section */

/* Begin PBXFrameworksBuildPhase section */
		76657F04205661F2004C0377 /* Frameworks */ = {
			isa = PBXFrameworksBuildPhase;
			buildActionMask = 2147483647;
			files = (
			);
			runOnlyForDeploymentPostprocessing = 0;
		};
/* End PBXFrameworksBuildPhase section */

/* Begin PBXGroup section */
		76657EFE205661F2004C0377 = {
			isa = PBXGroup;
			children = (
				76657F09205661F2004C0377 /* Space Recipes */,
				76657F08205661F2004C0377 /* Products */,
			);
			sourceTree = "<group>";
		};
		76657F08205661F2004C0377 /* Products */ = {
			isa = PBXGroup;
			children = (
				76657F07205661F2004C0377 /* Space Recipes.app */,
			);
			name = Products;
			sourceTree = "<group>";
		};
		76657F09205661F2004C0377 /* Space Recipes */ = {
			isa = PBXGroup;
			children = (
				76657F30205697A9004C0377 /* Extensions */,
				76657F23205664AF004C0377 /* Data */,
				76657F22205664A4004C0377 /* Classes */,
				76657F2A20567C9A004C0377 /* Views */,
				76657F2020566288004C0377 /* ViewControllers */,
				76657F0A205661F2004C0377 /* AppDelegate.swift */,
				76657F11205661F2004C0377 /* Assets.xcassets */,
				76657F13205661F2004C0377 /* LaunchScreen.storyboard */,
				76657F16205661F2004C0377 /* Info.plist */,
			);
			path = "Space Recipes";
			sourceTree = "<group>";
		};
		76657F2020566288004C0377 /* ViewControllers */ = {
			isa = PBXGroup;
			children = (
				76657F2120566296004C0377 /* Recipes Table */,
				76657F3D2056AF46004C0377 /* Recipe Info */,
			);
			path = ViewControllers;
			sourceTree = "<group>";
		};
		76657F2120566296004C0377 /* Recipes Table */ = {
			isa = PBXGroup;
			children = (
				76657F1C20566282004C0377 /* SRRecipesTableVC.swift */,
				76657F1D20566282004C0377 /* SRRecipesTableVC.xib */,
			);
			path = "Recipes Table";
			sourceTree = "<group>";
		};
		76657F22205664A4004C0377 /* Classes */ = {
			isa = PBXGroup;
			children = (
				76657F2620567131004C0377 /* SRRecipeLoader.swift */,
				76302CC82059316700CE0152 /* ImageLoader.swift */,
			);
			path = Classes;
			sourceTree = "<group>";
		};
		76657F23205664AF004C0377 /* Data */ = {
			isa = PBXGroup;
			children = (
				76657F2420566E7E004C0377 /* SRRecipe.swift */,
				76657F282056728E004C0377 /* SRLib.swift */,
			);
			path = Data;
			sourceTree = "<group>";
		};
		76657F2A20567C9A004C0377 /* Views */ = {
			isa = PBXGroup;
			children = (
				76657F2F20567CC8004C0377 /* Recipe Cell */,
				AE16E7EF205A3D300077E9DA /* SRInsetsLabel.swift */,
			);
			path = Views;
			sourceTree = "<group>";
		};
		76657F2F20567CC8004C0377 /* Recipe Cell */ = {
			isa = PBXGroup;
			children = (
				76657F2B20567CC0004C0377 /* SRRecipeCell.swift */,
				76657F2C20567CC0004C0377 /* SRRecipeCell.xib */,
			);
			path = "Recipe Cell";
			sourceTree = "<group>";
		};
		76657F30205697A9004C0377 /* Extensions */ = {
			isa = PBXGroup;
			children = (
				76657F31205697BA004C0377 /* UIView Nib.swift */,
				76657F33205698F0004C0377 /* Reuse Identifiers.swift */,
				76657F352056A121004C0377 /* String Localized.swift */,
			);
			path = Extensions;
			sourceTree = "<group>";
		};
		76657F3D2056AF46004C0377 /* Recipe Info */ = {
			isa = PBXGroup;
			children = (
				76657F392056AF40004C0377 /* SRRecipeInfoVC.swift */,
				76657F3A2056AF40004C0377 /* SRRecipeInfoVC.xib */,
			);
			path = "Recipe Info";
			sourceTree = "<group>";
		};
/* End PBXGroup section */

/* Begin PBXNativeTarget section */
		76657F06205661F2004C0377 /* Space Recipes */ = {
			isa = PBXNativeTarget;
			buildConfigurationList = 76657F19205661F2004C0377 /* Build configuration list for PBXNativeTarget "Space Recipes" */;
			buildPhases = (
				76657F03205661F2004C0377 /* Sources */,
				76657F04205661F2004C0377 /* Frameworks */,
				76657F05205661F2004C0377 /* Resources */,
			);
			buildRules = (
			);
			dependencies = (
			);
			name = "Space Recipes";
			productName = "Space Recipes";
			productReference = 76657F07205661F2004C0377 /* Space Recipes.app */;
			productType = "com.apple.product-type.application";
		};
/* End PBXNativeTarget section */

/* Begin PBXProject section */
		76657EFF205661F2004C0377 /* Project object */ = {
			isa = PBXProject;
			attributes = {
				CLASSPREFIX = SR;
				LastSwiftUpdateCheck = 0920;
				LastUpgradeCheck = 0920;
				ORGANIZATIONNAME = "Taras Minin";
				TargetAttributes = {
					76657F06205661F2004C0377 = {
						CreatedOnToolsVersion = 9.2;
						ProvisioningStyle = Automatic;
					};
				};
			};
			buildConfigurationList = 76657F02205661F2004C0377 /* Build configuration list for PBXProject "Space Recipes" */;
			compatibilityVersion = "Xcode 8.0";
			developmentRegion = en;
			hasScannedForEncodings = 0;
			knownRegions = (
				en,
				Base,
			);
			mainGroup = 76657EFE205661F2004C0377;
			productRefGroup = 76657F08205661F2004C0377 /* Products */;
			projectDirPath = "";
			projectRoot = "";
			targets = (
				76657F06205661F2004C0377 /* Space Recipes */,
			);
		};
/* End PBXProject section */

/* Begin PBXResourcesBuildPhase section */
		76657F05205661F2004C0377 /* Resources */ = {
			isa = PBXResourcesBuildPhase;
			buildActionMask = 2147483647;
			files = (
				76657F15205661F2004C0377 /* LaunchScreen.storyboard in Resources */,
				76657F12205661F2004C0377 /* Assets.xcassets in Resources */,
				76657F2E20567CC0004C0377 /* SRRecipeCell.xib in Resources */,
				76657F1F20566282004C0377 /* SRRecipesTableVC.xib in Resources */,
				76657F3C2056AF40004C0377 /* SRRecipeInfoVC.xib in Resources */,
			);
			runOnlyForDeploymentPostprocessing = 0;
		};
/* End PBXResourcesBuildPhase section */

/* Begin PBXSourcesBuildPhase section */
		76657F03205661F2004C0377 /* Sources */ = {
			isa = PBXSourcesBuildPhase;
			buildActionMask = 2147483647;
			files = (
				76657F362056A121004C0377 /* String Localized.swift in Sources */,
				AE16E7F0205A3D300077E9DA /* SRInsetsLabel.swift in Sources */,
				76657F3B2056AF40004C0377 /* SRRecipeInfoVC.swift in Sources */,
				76657F1E20566282004C0377 /* SRRecipesTableVC.swift in Sources */,
				76657F2520566E7E004C0377 /* SRRecipe.swift in Sources */,
				76657F292056728E004C0377 /* SRLib.swift in Sources */,
				76302CC92059316700CE0152 /* ImageLoader.swift in Sources */,
				76657F34205698F0004C0377 /* Reuse Identifiers.swift in Sources */,
				76657F0B205661F2004C0377 /* AppDelegate.swift in Sources */,
				76657F32205697BA004C0377 /* UIView Nib.swift in Sources */,
				76657F2D20567CC0004C0377 /* SRRecipeCell.swift in Sources */,
				76657F2720567131004C0377 /* SRRecipeLoader.swift in Sources */,
			);
			runOnlyForDeploymentPostprocessing = 0;
		};
/* End PBXSourcesBuildPhase section */

/* Begin PBXVariantGroup section */
		76657F13205661F2004C0377 /* LaunchScreen.storyboard */ = {
			isa = PBXVariantGroup;
			children = (
				76657F14205661F2004C0377 /* Base */,
			);
			name = LaunchScreen.storyboard;
			sourceTree = "<group>";
		};
/* End PBXVariantGroup section */

/* Begin XCBuildConfiguration section */
		76657F17205661F2004C0377 /* Debug */ = {
			isa = XCBuildConfiguration;
			buildSettings = {
				ALWAYS_SEARCH_USER_PATHS = NO;
				CLANG_ANALYZER_NONNULL = YES;
				CLANG_ANALYZER_NUMBER_OBJECT_CONVERSION = YES_AGGRESSIVE;
				CLANG_CXX_LANGUAGE_STANDARD = "gnu++14";
				CLANG_CXX_LIBRARY = "libc++";
				CLANG_ENABLE_MODULES = YES;
				CLANG_ENABLE_OBJC_ARC = YES;
				CLANG_WARN_BLOCK_CAPTURE_AUTORELEASING = YES;
				CLANG_WARN_BOOL_CONVERSION = YES;
				CLANG_WARN_COMMA = YES;
				CLANG_WARN_CONSTANT_CONVERSION = YES;
				CLANG_WARN_DIRECT_OBJC_ISA_USAGE = YES_ERROR;
				CLANG_WARN_DOCUMENTATION_COMMENTS = YES;
				CLANG_WARN_EMPTY_BODY = YES;
				CLANG_WARN_ENUM_CONVERSION = YES;
				CLANG_WARN_INFINITE_RECURSION = YES;
				CLANG_WARN_INT_CONVERSION = YES;
				CLANG_WARN_NON_LITERAL_NULL_CONVERSION = YES;
				CLANG_WARN_OBJC_LITERAL_CONVERSION = YES;
				CLANG_WARN_OBJC_ROOT_CLASS = YES_ERROR;
				CLANG_WARN_RANGE_LOOP_ANALYSIS = YES;
				CLANG_WARN_STRICT_PROTOTYPES = YES;
				CLANG_WARN_SUSPICIOUS_MOVE = YES;
				CLANG_WARN_UNGUARDED_AVAILABILITY = YES_AGGRESSIVE;
				CLANG_WARN_UNREACHABLE_CODE = YES;
				CLANG_WARN__DUPLICATE_METHOD_MATCH = YES;
				CODE_SIGN_IDENTITY = "iPhone Developer";
				COPY_PHASE_STRIP = NO;
				DEBUG_INFORMATION_FORMAT = dwarf;
				ENABLE_STRICT_OBJC_MSGSEND = YES;
				ENABLE_TESTABILITY = YES;
				GCC_C_LANGUAGE_STANDARD = gnu11;
				GCC_DYNAMIC_NO_PIC = NO;
				GCC_NO_COMMON_BLOCKS = YES;
				GCC_OPTIMIZATION_LEVEL = 0;
				GCC_PREPROCESSOR_DEFINITIONS = (
					"DEBUG=1",
					"$(inherited)",
				);
				GCC_WARN_64_TO_32_BIT_CONVERSION = YES;
				GCC_WARN_ABOUT_RETURN_TYPE = YES_ERROR;
				GCC_WARN_UNDECLARED_SELECTOR = YES;
				GCC_WARN_UNINITIALIZED_AUTOS = YES_AGGRESSIVE;
				GCC_WARN_UNUSED_FUNCTION = YES;
				GCC_WARN_UNUSED_VARIABLE = YES;
				IPHONEOS_DEPLOYMENT_TARGET = 11.2;
				MTL_ENABLE_DEBUG_INFO = YES;
				ONLY_ACTIVE_ARCH = YES;
				SDKROOT = iphoneos;
				SWIFT_ACTIVE_COMPILATION_CONDITIONS = DEBUG;
				SWIFT_OPTIMIZATION_LEVEL = "-Onone";
			};
			name = Debug;
		};
		76657F18205661F2004C0377 /* Release */ = {
			isa = XCBuildConfiguration;
			buildSettings = {
				ALWAYS_SEARCH_USER_PATHS = NO;
				CLANG_ANALYZER_NONNULL = YES;
				CLANG_ANALYZER_NUMBER_OBJECT_CONVERSION = YES_AGGRESSIVE;
				CLANG_CXX_LANGUAGE_STANDARD = "gnu++14";
				CLANG_CXX_LIBRARY = "libc++";
				CLANG_ENABLE_MODULES = YES;
				CLANG_ENABLE_OBJC_ARC = YES;
				CLANG_WARN_BLOCK_CAPTURE_AUTORELEASING = YES;
				CLANG_WARN_BOOL_CONVERSION = YES;
				CLANG_WARN_COMMA = YES;
				CLANG_WARN_CONSTANT_CONVERSION = YES;
				CLANG_WARN_DIRECT_OBJC_ISA_USAGE = YES_ERROR;
				CLANG_WARN_DOCUMENTATION_COMMENTS = YES;
				CLANG_WARN_EMPTY_BODY = YES;
				CLANG_WARN_ENUM_CONVERSION = YES;
				CLANG_WARN_INFINITE_RECURSION = YES;
				CLANG_WARN_INT_CONVERSION = YES;
				CLANG_WARN_NON_LITERAL_NULL_CONVERSION = YES;
				CLANG_WARN_OBJC_LITERAL_CONVERSION = YES;
				CLANG_WARN_OBJC_ROOT_CLASS = YES_ERROR;
				CLANG_WARN_RANGE_LOOP_ANALYSIS = YES;
				CLANG_WARN_STRICT_PROTOTYPES = YES;
				CLANG_WARN_SUSPICIOUS_MOVE = YES;
				CLANG_WARN_UNGUARDED_AVAILABILITY = YES_AGGRESSIVE;
				CLANG_WARN_UNREACHABLE_CODE = YES;
				CLANG_WARN__DUPLICATE_METHOD_MATCH = YES;
				CODE_SIGN_IDENTITY = "iPhone Developer";
				COPY_PHASE_STRIP = NO;
				DEBUG_INFORMATION_FORMAT = "dwarf-with-dsym";
				ENABLE_NS_ASSERTIONS = NO;
				ENABLE_STRICT_OBJC_MSGSEND = YES;
				GCC_C_LANGUAGE_STANDARD = gnu11;
				GCC_NO_COMMON_BLOCKS = YES;
				GCC_WARN_64_TO_32_BIT_CONVERSION = YES;
				GCC_WARN_ABOUT_RETURN_TYPE = YES_ERROR;
				GCC_WARN_UNDECLARED_SELECTOR = YES;
				GCC_WARN_UNINITIALIZED_AUTOS = YES_AGGRESSIVE;
				GCC_WARN_UNUSED_FUNCTION = YES;
				GCC_WARN_UNUSED_VARIABLE = YES;
				IPHONEOS_DEPLOYMENT_TARGET = 11.2;
				MTL_ENABLE_DEBUG_INFO = NO;
				SDKROOT = iphoneos;
				SWIFT_OPTIMIZATION_LEVEL = "-Owholemodule";
				VALIDATE_PRODUCT = YES;
			};
			name = Release;
		};
		76657F1A205661F2004C0377 /* Debug */ = {
			isa = XCBuildConfiguration;
			buildSettings = {
				ASSETCATALOG_COMPILER_APPICON_NAME = AppIcon;
				CODE_SIGN_STYLE = Automatic;
				DEVELOPMENT_TEAM = D82HCVQN26;
				INFOPLIST_FILE = "Space Recipes/Info.plist";
				LD_RUNPATH_SEARCH_PATHS = "$(inherited) @executable_path/Frameworks";
				PRODUCT_BUNDLE_IDENTIFIER = "com.tarmin.Space-Recipes";
				PRODUCT_NAME = "$(TARGET_NAME)";
				SWIFT_VERSION = 4.0;
				TARGETED_DEVICE_FAMILY = "1,2";
			};
			name = Debug;
		};
		76657F1B205661F2004C0377 /* Release */ = {
			isa = XCBuildConfiguration;
			buildSettings = {
				ASSETCATALOG_COMPILER_APPICON_NAME = AppIcon;
				CODE_SIGN_STYLE = Automatic;
				DEVELOPMENT_TEAM = D82HCVQN26;
				INFOPLIST_FILE = "Space Recipes/Info.plist";
				LD_RUNPATH_SEARCH_PATHS = "$(inherited) @executable_path/Frameworks";
				PRODUCT_BUNDLE_IDENTIFIER = "com.tarmin.Space-Recipes";
				PRODUCT_NAME = "$(TARGET_NAME)";
				SWIFT_VERSION = 4.0;
				TARGETED_DEVICE_FAMILY = "1,2";
			};
			name = Release;
		};
/* End XCBuildConfiguration section */

/* Begin XCConfigurationList section */
		76657F02205661F2004C0377 /* Build configuration list for PBXProject "Space Recipes" */ = {
			isa = XCConfigurationList;
			buildConfigurations = (
				76657F17205661F2004C0377 /* Debug */,
				76657F18205661F2004C0377 /* Release */,
			);
			defaultConfigurationIsVisible = 0;
			defaultConfigurationName = Release;
		};
		76657F19205661F2004C0377 /* Build configuration list for PBXNativeTarget "Space Recipes" */ = {
			isa = XCConfigurationList;
			buildConfigurations = (
				76657F1A205661F2004C0377 /* Debug */,
				76657F1B205661F2004C0377 /* Release */,
			);
			defaultConfigurationIsVisible = 0;
			defaultConfigurationName = Release;
		};
/* End XCConfigurationList section */
	};
	rootObject = 76657EFF205661F2004C0377 /* Project object */;
}
